
Microsoft Visual Studio Solution File, Format Version 12.00
# Visual Studio Version 17
VisualStudioVersion = 17.9.34714.143
MinimumVisualStudioVersion = 10.0.40219.1
Project("{FAE04EC0-301F-11D3-BF4B-00C04F79EFBC}") = "Postech.GroupEight.ContactIntegration.Worker", "Postech.GroupEight.ContactIntegration.Worker\Postech.GroupEight.ContactIntegration.Worker.csproj", "{31017B46-30FF-48B6-85F2-A8C18B5FC204}"
EndProject
Project("{FAE04EC0-301F-11D3-BF4B-00C04F79EFBC}") = "Postech.GroupEight.ContactIntegration.Application", "Postech.GroupEight.ContactIntegration.Application\Postech.GroupEight.ContactIntegration.Application.csproj", "{24F80650-683C-4865-A696-3825441CC794}"
EndProject
Project("{FAE04EC0-301F-11D3-BF4B-00C04F79EFBC}") = "Postech.GroupEight.ContactIntegration.Infra", "Postech.GroupEight.ContactIntegration.Infra\Postech.GroupEight.ContactIntegration.Infra.csproj", "{CF248AB4-EC02-46E3-8D36-72EC787DD247}"
EndProject
Project("{FAE04EC0-301F-11D3-BF4B-00C04F79EFBC}") = "Postech.GroupEight.ContactIntegration.Core", "Postech.GroupEight.ContactIntegration.Core\Postech.GroupEight.ContactIntegration.Core.csproj", "{C1DAC05C-496A-4534-A2FD-F5BA4E7D3733}"
EndProject
Global
	GlobalSection(SolutionConfigurationPlatforms) = preSolution
		Debug|Any CPU = Debug|Any CPU
		Release|Any CPU = Release|Any CPU
	EndGlobalSection
	GlobalSection(ProjectConfigurationPlatforms) = postSolution
		{31017B46-30FF-48B6-85F2-A8C18B5FC204}.Debug|Any CPU.ActiveCfg = Debug|Any CPU
		{31017B46-30FF-48B6-85F2-A8C18B5FC204}.Debug|Any CPU.Build.0 = Debug|Any CPU
		{31017B46-30FF-48B6-85F2-A8C18B5FC204}.Release|Any CPU.ActiveCfg = Release|Any CPU
		{31017B46-30FF-48B6-85F2-A8C18B5FC204}.Release|Any CPU.Build.0 = Release|Any CPU
		{24F80650-683C-4865-A696-3825441CC794}.Debug|Any CPU.ActiveCfg = Debug|Any CPU
		{24F80650-683C-4865-A696-3825441CC794}.Debug|Any CPU.Build.0 = Debug|Any CPU
		{24F80650-683C-4865-A696-3825441CC794}.Release|Any CPU.ActiveCfg = Release|Any CPU
		{24F80650-683C-4865-A696-3825441CC794}.Release|Any CPU.Build.0 = Release|Any CPU
		{CF248AB4-EC02-46E3-8D36-72EC787DD247}.Debug|Any CPU.ActiveCfg = Debug|Any CPU
		{CF248AB4-EC02-46E3-8D36-72EC787DD247}.Debug|Any CPU.Build.0 = Debug|Any CPU
		{CF248AB4-EC02-46E3-8D36-72EC787DD247}.Release|Any CPU.ActiveCfg = Release|Any CPU
		{CF248AB4-EC02-46E3-8D36-72EC787DD247}.Release|Any CPU.Build.0 = Release|Any CPU
		{C1DAC05C-496A-4534-A2FD-F5BA4E7D3733}.Debug|Any CPU.ActiveCfg = Debug|Any CPU
		{C1DAC05C-496A-4534-A2FD-F5BA4E7D3733}.Debug|Any CPU.Build.0 = Debug|Any CPU
		{C1DAC05C-496A-4534-A2FD-F5BA4E7D3733}.Release|Any CPU.ActiveCfg = Release|Any CPU
		{C1DAC05C-496A-4534-A2FD-F5BA4E7D3733}.Release|Any CPU.Build.0 = Release|Any CPU
	EndGlobalSection
	GlobalSection(SolutionProperties) = preSolution
		HideSolutionNode = FALSE
	EndGlobalSection
	GlobalSection(ExtensibilityGlobals) = postSolution
		SolutionGuid = {D2665D56-A3F2-4A89-B931-215BE95840F6}
	EndGlobalSection
EndGlobal
